
Microsoft Visual Studio Solution File, Format Version 12.00
# Visual Studio Version 17
VisualStudioVersion = 17.9.34728.123
MinimumVisualStudioVersion = 10.0.40219.1
Project("{9A19103F-16F7-4668-BE54-9A1E7A4F7556}") = "CarPeak", "CarPeak.csproj", "{4478CAE8-893F-40FE-B44A-A636B14D6D20}"
EndProject
Global
	GlobalSection(SolutionConfigurationPlatforms) = preSolution
		Debug|Any CPU = Debug|Any CPU
		Release|Any CPU = Release|Any CPU
	EndGlobalSection
	GlobalSection(ProjectConfigurationPlatforms) = postSolution
		{4478CAE8-893F-40FE-B44A-A636B14D6D20}.Debug|Any CPU.ActiveCfg = Debug|Any CPU
		{4478CAE8-893F-40FE-B44A-A636B14D6D20}.Debug|Any CPU.Build.0 = Debug|Any CPU
		{4478CAE8-893F-40FE-B44A-A636B14D6D20}.Release|Any CPU.ActiveCfg = Release|Any CPU
		{4478CAE8-893F-40FE-B44A-A636B14D6D20}.Release|Any CPU.Build.0 = Release|Any CPU
	EndGlobalSection
	GlobalSection(SolutionProperties) = preSolution
		HideSolutionNode = FALSE
	EndGlobalSection
	GlobalSection(ExtensibilityGlobals) = postSolution
		SolutionGuid = {0A77DA35-6B3E-4F9B-BB46-6F7E4DD75AC4}
	EndGlobalSection
EndGlobal
